
Microsoft Visual Studio Solution File, Format Version 12.00
# Visual Studio Version 17
VisualStudioVersion = 17.5.33502.453
MinimumVisualStudioVersion = 10.0.40219.1
Project("{FAE04EC0-301F-11D3-BF4B-00C04F79EFBC}") = "Win_QLNH", "Win_QLNH\Win_QLNH.csproj", "{79FE2387-0FA5-4DB2-A5D0-B6905B93565C}"
EndProject
Project("{FAE04EC0-301F-11D3-BF4B-00C04F79EFBC}") = "DTOQLNH", "DTOQLNH\DTOQLNH.csproj", "{2513B4A7-1358-4B3C-80E1-634979E6003C}"
EndProject
Project("{FAE04EC0-301F-11D3-BF4B-00C04F79EFBC}") = "BLLQLNH", "BLLQLNH\BLLQLNH.csproj", "{CD33158F-B618-4038-B30C-C3EC5F57B12C}"
EndProject
Project("{FAE04EC0-301F-11D3-BF4B-00C04F79EFBC}") = "DALQLNH", "DALQLNH\DALQLNH.csproj", "{B26F9021-9614-4FA7-914E-D28CFCD6456F}"
EndProject
Global
	GlobalSection(SolutionConfigurationPlatforms) = preSolution
		Debug|Any CPU = Debug|Any CPU
		Release|Any CPU = Release|Any CPU
	EndGlobalSection
	GlobalSection(ProjectConfigurationPlatforms) = postSolution
		{79FE2387-0FA5-4DB2-A5D0-B6905B93565C}.Debug|Any CPU.ActiveCfg = Debug|Any CPU
		{79FE2387-0FA5-4DB2-A5D0-B6905B93565C}.Debug|Any CPU.Build.0 = Debug|Any CPU
		{79FE2387-0FA5-4DB2-A5D0-B6905B93565C}.Release|Any CPU.ActiveCfg = Release|Any CPU
		{79FE2387-0FA5-4DB2-A5D0-B6905B93565C}.Release|Any CPU.Build.0 = Release|Any CPU
		{2513B4A7-1358-4B3C-80E1-634979E6003C}.Debug|Any CPU.ActiveCfg = Debug|Any CPU
		{2513B4A7-1358-4B3C-80E1-634979E6003C}.Debug|Any CPU.Build.0 = Debug|Any CPU
		{2513B4A7-1358-4B3C-80E1-634979E6003C}.Release|Any CPU.ActiveCfg = Release|Any CPU
		{2513B4A7-1358-4B3C-80E1-634979E6003C}.Release|Any CPU.Build.0 = Release|Any CPU
		{CD33158F-B618-4038-B30C-C3EC5F57B12C}.Debug|Any CPU.ActiveCfg = Debug|Any CPU
		{CD33158F-B618-4038-B30C-C3EC5F57B12C}.Debug|Any CPU.Build.0 = Debug|Any CPU
		{CD33158F-B618-4038-B30C-C3EC5F57B12C}.Release|Any CPU.ActiveCfg = Release|Any CPU
		{CD33158F-B618-4038-B30C-C3EC5F57B12C}.Release|Any CPU.Build.0 = Release|Any CPU
		{B26F9021-9614-4FA7-914E-D28CFCD6456F}.Debug|Any CPU.ActiveCfg = Debug|Any CPU
		{B26F9021-9614-4FA7-914E-D28CFCD6456F}.Debug|Any CPU.Build.0 = Debug|Any CPU
		{B26F9021-9614-4FA7-914E-D28CFCD6456F}.Release|Any CPU.ActiveCfg = Release|Any CPU
		{B26F9021-9614-4FA7-914E-D28CFCD6456F}.Release|Any CPU.Build.0 = Release|Any CPU
	EndGlobalSection
	GlobalSection(SolutionProperties) = preSolution
		HideSolutionNode = FALSE
	EndGlobalSection
	GlobalSection(ExtensibilityGlobals) = postSolution
		SolutionGuid = {121C952A-C97F-4A1E-8FC3-5D17E09A501E}
	EndGlobalSection
EndGlobal
